
Microsoft Visual Studio Solution File, Format Version 12.00
# Visual Studio Version 17
VisualStudioVersion = 17.5.33530.505
MinimumVisualStudioVersion = 10.0.40219.1
Project("{FAE04EC0-301F-11D3-BF4B-00C04F79EFBC}") = "task-management", "task-management.csproj", "{8BE67A72-A468-4A8E-91D5-11867D61428F}"
EndProject
Global
	GlobalSection(SolutionConfigurationPlatforms) = preSolution
		Debug|Any CPU = Debug|Any CPU
		Release|Any CPU = Release|Any CPU
	EndGlobalSection
	GlobalSection(ProjectConfigurationPlatforms) = postSolution
		{8BE67A72-A468-4A8E-91D5-11867D61428F}.Debug|Any CPU.ActiveCfg = Debug|Any CPU
		{8BE67A72-A468-4A8E-91D5-11867D61428F}.Debug|Any CPU.Build.0 = Debug|Any CPU
		{8BE67A72-A468-4A8E-91D5-11867D61428F}.Release|Any CPU.ActiveCfg = Release|Any CPU
		{8BE67A72-A468-4A8E-91D5-11867D61428F}.Release|Any CPU.Build.0 = Release|Any CPU
	EndGlobalSection
	GlobalSection(SolutionProperties) = preSolution
		HideSolutionNode = FALSE
	EndGlobalSection
	GlobalSection(ExtensibilityGlobals) = postSolution
		SolutionGuid = {7F575936-1449-4AA7-9738-80CEE65A2457}
	EndGlobalSection
EndGlobal
